
Microsoft Visual Studio Solution File, Format Version 12.00
# Visual Studio 15
VisualStudioVersion = 15.0.26403.7
MinimumVisualStudioVersion = 10.0.40219.1
Project("{FAE04EC0-301F-11D3-BF4B-00C04F79EFBC}") = "EFC.BL", "EFC.BL\EFC.BL.csproj", "{8AA2D6AA-DC1B-4AA5-A5BC-097A46D52DAE}"
EndProject
Project("{2150E333-8FDC-42A3-9474-1A3956D46DE8}") = "EFC.BLTests", "EFC.BLTests", "{7862209C-D241-460C-BC01-34725BB44684}"
EndProject
Project("{FAE04EC0-301F-11D3-BF4B-00C04F79EFBC}") = "EFC.BLTests", "EFC.BLTests\EFC.BLTests.csproj", "{4C6362C6-CAC8-47EB-847A-8B5C83587086}"
EndProject
Project("{FAE04EC0-301F-11D3-BF4B-00C04F79EFBC}") = "WPFERA", "WPFERA\WPFERA.csproj", "{00BB8A7E-46D3-4326-B966-A41231929748}"
EndProject
Project("{FAE04EC0-301F-11D3-BF4B-00C04F79EFBC}") = "Common.Common", "Common.Common\Common.Common.csproj", "{B4E23EFB-5228-40C5-9455-904CA873A7E5}"
EndProject
Project("{FAE04EC0-301F-11D3-BF4B-00C04F79EFBC}") = "CommonTests", "CommonTests\CommonTests.csproj", "{A63CBFBE-0FED-4002-BEEC-39624A96E999}"
EndProject
Project("{FAE04EC0-301F-11D3-BF4B-00C04F79EFBC}") = "WPFERATest", "WPFERATest\WPFERATest.csproj", "{70870F7C-7E2C-4D53-9457-239A5E0883FF}"
EndProject
Global
	GlobalSection(SolutionConfigurationPlatforms) = preSolution
		Debug|Any CPU = Debug|Any CPU
		Release|Any CPU = Release|Any CPU
	EndGlobalSection
	GlobalSection(ProjectConfigurationPlatforms) = postSolution
		{8AA2D6AA-DC1B-4AA5-A5BC-097A46D52DAE}.Debug|Any CPU.ActiveCfg = Debug|Any CPU
		{8AA2D6AA-DC1B-4AA5-A5BC-097A46D52DAE}.Debug|Any CPU.Build.0 = Debug|Any CPU
		{8AA2D6AA-DC1B-4AA5-A5BC-097A46D52DAE}.Release|Any CPU.ActiveCfg = Release|Any CPU
		{8AA2D6AA-DC1B-4AA5-A5BC-097A46D52DAE}.Release|Any CPU.Build.0 = Release|Any CPU
		{4C6362C6-CAC8-47EB-847A-8B5C83587086}.Debug|Any CPU.ActiveCfg = Debug|Any CPU
		{4C6362C6-CAC8-47EB-847A-8B5C83587086}.Debug|Any CPU.Build.0 = Debug|Any CPU
		{4C6362C6-CAC8-47EB-847A-8B5C83587086}.Release|Any CPU.ActiveCfg = Release|Any CPU
		{4C6362C6-CAC8-47EB-847A-8B5C83587086}.Release|Any CPU.Build.0 = Release|Any CPU
		{00BB8A7E-46D3-4326-B966-A41231929748}.Debug|Any CPU.ActiveCfg = Debug|Any CPU
		{00BB8A7E-46D3-4326-B966-A41231929748}.Debug|Any CPU.Build.0 = Debug|Any CPU
		{00BB8A7E-46D3-4326-B966-A41231929748}.Release|Any CPU.ActiveCfg = Release|Any CPU
		{00BB8A7E-46D3-4326-B966-A41231929748}.Release|Any CPU.Build.0 = Release|Any CPU
		{B4E23EFB-5228-40C5-9455-904CA873A7E5}.Debug|Any CPU.ActiveCfg = Debug|Any CPU
		{B4E23EFB-5228-40C5-9455-904CA873A7E5}.Debug|Any CPU.Build.0 = Debug|Any CPU
		{B4E23EFB-5228-40C5-9455-904CA873A7E5}.Release|Any CPU.ActiveCfg = Release|Any CPU
		{B4E23EFB-5228-40C5-9455-904CA873A7E5}.Release|Any CPU.Build.0 = Release|Any CPU
		{A63CBFBE-0FED-4002-BEEC-39624A96E999}.Debug|Any CPU.ActiveCfg = Debug|Any CPU
		{A63CBFBE-0FED-4002-BEEC-39624A96E999}.Debug|Any CPU.Build.0 = Debug|Any CPU
		{A63CBFBE-0FED-4002-BEEC-39624A96E999}.Release|Any CPU.ActiveCfg = Release|Any CPU
		{A63CBFBE-0FED-4002-BEEC-39624A96E999}.Release|Any CPU.Build.0 = Release|Any CPU
		{70870F7C-7E2C-4D53-9457-239A5E0883FF}.Debug|Any CPU.ActiveCfg = Debug|Any CPU
		{70870F7C-7E2C-4D53-9457-239A5E0883FF}.Debug|Any CPU.Build.0 = Debug|Any CPU
		{70870F7C-7E2C-4D53-9457-239A5E0883FF}.Release|Any CPU.ActiveCfg = Release|Any CPU
		{70870F7C-7E2C-4D53-9457-239A5E0883FF}.Release|Any CPU.Build.0 = Release|Any CPU
	EndGlobalSection
	GlobalSection(SolutionProperties) = preSolution
		HideSolutionNode = FALSE
	EndGlobalSection
	GlobalSection(NestedProjects) = preSolution
		{4C6362C6-CAC8-47EB-847A-8B5C83587086} = {7862209C-D241-460C-BC01-34725BB44684}
		{A63CBFBE-0FED-4002-BEEC-39624A96E999} = {7862209C-D241-460C-BC01-34725BB44684}
		{70870F7C-7E2C-4D53-9457-239A5E0883FF} = {7862209C-D241-460C-BC01-34725BB44684}
	EndGlobalSection
EndGlobal
